
Microsoft Visual Studio Solution File, Format Version 12.00
# Visual Studio Version 17
VisualStudioVersion = 17.2.32526.322
MinimumVisualStudioVersion = 10.0.40219.1
Project("{9A19103F-16F7-4668-BE54-9A1E7A4F7556}") = "Kompetenzverwaltung", "Kompetenzverwaltung\Kompetenzverwaltung.csproj", "{DC585BFF-64B4-42AC-B393-6457E10ACED1}"
EndProject
Project("{9A19103F-16F7-4668-BE54-9A1E7A4F7556}") = "BL", "BL\BL.csproj", "{6E647A66-6409-416D-B40E-AD4DAAF4DB3B}"
EndProject
Project("{9A19103F-16F7-4668-BE54-9A1E7A4F7556}") = "BLTests1", "BLTests1\BLTests1.csproj", "{C2460278-4BDF-4D9F-B109-58D4EAF4BB45}"
EndProject
Global
	GlobalSection(SolutionConfigurationPlatforms) = preSolution
		Debug|Any CPU = Debug|Any CPU
		Release|Any CPU = Release|Any CPU
	EndGlobalSection
	GlobalSection(ProjectConfigurationPlatforms) = postSolution
		{DC585BFF-64B4-42AC-B393-6457E10ACED1}.Debug|Any CPU.ActiveCfg = Debug|Any CPU
		{DC585BFF-64B4-42AC-B393-6457E10ACED1}.Debug|Any CPU.Build.0 = Debug|Any CPU
		{DC585BFF-64B4-42AC-B393-6457E10ACED1}.Release|Any CPU.ActiveCfg = Release|Any CPU
		{DC585BFF-64B4-42AC-B393-6457E10ACED1}.Release|Any CPU.Build.0 = Release|Any CPU
		{6E647A66-6409-416D-B40E-AD4DAAF4DB3B}.Debug|Any CPU.ActiveCfg = Debug|Any CPU
		{6E647A66-6409-416D-B40E-AD4DAAF4DB3B}.Debug|Any CPU.Build.0 = Debug|Any CPU
		{6E647A66-6409-416D-B40E-AD4DAAF4DB3B}.Release|Any CPU.ActiveCfg = Release|Any CPU
		{6E647A66-6409-416D-B40E-AD4DAAF4DB3B}.Release|Any CPU.Build.0 = Release|Any CPU
		{C2460278-4BDF-4D9F-B109-58D4EAF4BB45}.Debug|Any CPU.ActiveCfg = Debug|Any CPU
		{C2460278-4BDF-4D9F-B109-58D4EAF4BB45}.Debug|Any CPU.Build.0 = Debug|Any CPU
		{C2460278-4BDF-4D9F-B109-58D4EAF4BB45}.Release|Any CPU.ActiveCfg = Release|Any CPU
		{C2460278-4BDF-4D9F-B109-58D4EAF4BB45}.Release|Any CPU.Build.0 = Release|Any CPU
	EndGlobalSection
	GlobalSection(SolutionProperties) = preSolution
		HideSolutionNode = FALSE
	EndGlobalSection
	GlobalSection(ExtensibilityGlobals) = postSolution
		SolutionGuid = {69DE5A33-0465-4444-9E12-50EF557B075E}
	EndGlobalSection
EndGlobal
